{
	"name": "@stripped-ui/stylelint-config-scss",
	"version": "0.0.7-beta.0",
	"lockfileVersion": 1,
	"requires": true,
	"dependencies": {
		"@stripped-ui/stylelint-config": {
			"version": "0.0.5-beta.0",
			"resolved": "https://registry.npmjs.org/@stripped-ui/stylelint-config/-/stylelint-config-0.0.5-beta.0.tgz",
			"integrity": "sha512-BSJDtDwDklfC2hwEF10mRgHAvqVCbq351OgFid77XDmilv3VWUyuhaCuKMhCeZ2ypWB2u8SwQwyDajLVWHk+rg==",
			"requires": {
				"stylelint-config-recommended": "^3.0.0",
				"stylelint-config-standard": "^20.0.0"
			}
		},
		"stylelint-config-recommended": {
			"version": "3.0.0",
			"resolved": "https://registry.npmjs.org/stylelint-config-recommended/-/stylelint-config-recommended-3.0.0.tgz",
			"integrity": "sha512-F6yTRuc06xr1h5Qw/ykb2LuFynJ2IxkKfCMf+1xqPffkxh0S09Zc902XCffcsw/XMFq/OzQ1w54fLIDtmRNHnQ=="
		},
		"stylelint-config-recommended-scss": {
			"version": "4.2.0",
			"resolved": "https://registry.npmjs.org/stylelint-config-recommended-scss/-/stylelint-config-recommended-scss-4.2.0.tgz",
			"integrity": "sha512-4bI5BYbabo/GCQ6LbRZx/ZlVkK65a1jivNNsD+ix/Lw0U3iAch+jQcvliGnnAX8SUPaZ0UqzNVNNAF3urswa7g==",
			"requires": {
				"stylelint-config-recommended": "^3.0.0"
			}
		},
		"stylelint-config-standard": {
			"version": "20.0.0",
			"resolved": "https://registry.npmjs.org/stylelint-config-standard/-/stylelint-config-standard-20.0.0.tgz",
			"integrity": "sha512-IB2iFdzOTA/zS4jSVav6z+wGtin08qfj+YyExHB3LF9lnouQht//YyB0KZq9gGz5HNPkddHOzcY8HsUey6ZUlA==",
			"requires": {
				"stylelint-config-recommended": "^3.0.0"
			}
		}
	}
}
